
Microsoft Visual Studio Solution File, Format Version 12.00
# Visual Studio 14
VisualStudioVersion = 14.0.25420.1
MinimumVisualStudioVersion = 10.0.40219.1
Project("{FAE04EC0-301F-11D3-BF4B-00C04F79EFBC}") = "Interpeter", "Interpeter\Interpeter.csproj", "{B868C8EA-CD8E-4410-8A0A-BF682BDEB05F}"
EndProject
Project("{FAE04EC0-301F-11D3-BF4B-00C04F79EFBC}") = "Tests", "Tests\Tests.csproj", "{53639A5F-08BB-448D-96F8-F5A671C96DCB}"
EndProject
Global
	GlobalSection(SolutionConfigurationPlatforms) = preSolution
		Debug|Any CPU = Debug|Any CPU
		Release|Any CPU = Release|Any CPU
	EndGlobalSection
	GlobalSection(ProjectConfigurationPlatforms) = postSolution
		{B868C8EA-CD8E-4410-8A0A-BF682BDEB05F}.Debug|Any CPU.ActiveCfg = Debug|Any CPU
		{B868C8EA-CD8E-4410-8A0A-BF682BDEB05F}.Debug|Any CPU.Build.0 = Debug|Any CPU
		{B868C8EA-CD8E-4410-8A0A-BF682BDEB05F}.Release|Any CPU.ActiveCfg = Release|Any CPU
		{B868C8EA-CD8E-4410-8A0A-BF682BDEB05F}.Release|Any CPU.Build.0 = Release|Any CPU
		{53639A5F-08BB-448D-96F8-F5A671C96DCB}.Debug|Any CPU.ActiveCfg = Debug|Any CPU
		{53639A5F-08BB-448D-96F8-F5A671C96DCB}.Debug|Any CPU.Build.0 = Debug|Any CPU
		{53639A5F-08BB-448D-96F8-F5A671C96DCB}.Release|Any CPU.ActiveCfg = Release|Any CPU
		{53639A5F-08BB-448D-96F8-F5A671C96DCB}.Release|Any CPU.Build.0 = Release|Any CPU
	EndGlobalSection
	GlobalSection(SolutionProperties) = preSolution
		HideSolutionNode = FALSE
	EndGlobalSection
EndGlobal
